# THIS IS AN AUTOGENERATED FILE. DO NOT EDIT THIS FILE DIRECTLY.
# yarn lockfile v1


react-floating-whatsapp@^4.0.5:
  version "4.0.5"
  resolved "https://registry.yarnpkg.com/react-floating-whatsapp/-/react-floating-whatsapp-4.0.5.tgz#11020f6387298a4e18268c99baddbc83302a9d3e"
  integrity sha512-KgpzswJ/Z5pKPDeqQDcMDHBgPQonqS6GLCb44HSSUaH4kgYBnigllWjfAC/D7oGvAGglKYpNOWM312Bp1xlC4Q==
